<?xml version="1.0" encoding="UTF-8"?>
<CONFIG>
  <ProjectOptions>
    <Version Value="10"/>
    <PathDelim Value="\"/>
    <General>
      <Flags>
        <MainUnitHasCreateFormStatements Value="False"/>
        <MainUnitHasTitleStatement Value="False"/>
      </Flags>
      <SessionStorage Value="InProjectDir"/>
      <MainUnit Value="0"/>
      <Title Value="CN_WSmodel"/>
      <UseAppBundle Value="False"/>
      <ResourceType Value="res"/>
    </General>
    <i18n>
      <EnableI18N LFM="False"/>
    </i18n>
    <BuildModes Count="1">
      <Item1 Name="Default" Default="True"/>
    </BuildModes>
    <PublishOptions>
      <Version Value="2"/>
    </PublishOptions>
    <RunParams>
      <local>
        <FormatVersion Value="1"/>
        <CommandLineParams Value="&quot;D:\Dropbox (Fluves)\FLUVES\Projecten\VMM\VMM-Triple C\uitvoering\11_model\Zwalm\berekeningen\Zwalm\scenario_1\modelinput\ini_Zwalm_scenario_1.ini&quot;"/>
      </local>
    </RunParams>
    <RequiredPackages Count="1">
      <Item1>
        <PackageName Value="LCL"/>
      </Item1>
    </RequiredPackages>
    <Units Count="10">
      <Unit0>
        <Filename Value="CN_WSmodel.lpr"/>
        <IsPartOfProject Value="True"/>
      </Unit0>
      <Unit1>
        <Filename Value="readinparameters.pas"/>
        <IsPartOfProject Value="True"/>
        <UnitName Value="ReadInParameters"/>
      </Unit1>
      <Unit2>
        <Filename Value="write_output.pas"/>
        <IsPartOfProject Value="True"/>
        <UnitName Value="Write_output"/>
      </Unit2>
      <Unit3>
        <Filename Value="cn_calculations.pas"/>
        <IsPartOfProject Value="True"/>
        <UnitName Value="CN_calculations"/>
      </Unit3>
      <Unit4>
        <Filename Value="raster_calculations.pas"/>
        <IsPartOfProject Value="True"/>
        <UnitName Value="Raster_calculations"/>
      </Unit4>
      <Unit5>
        <Filename Value="lateralredistribution.pas"/>
        <IsPartOfProject Value="True"/>
        <UnitName Value="LateralRedistribution"/>
      </Unit5>
      <Unit6>
        <Filename Value="idrisi.pas"/>
        <IsPartOfProject Value="True"/>
        <UnitName Value="Idrisi"/>
      </Unit6>
      <Unit7>
        <Filename Value="tillage.pas"/>
        <IsPartOfProject Value="True"/>
      </Unit7>
      <Unit8>
        <Filename Value="rdata_cn.pas"/>
        <IsPartOfProject Value="True"/>
        <UnitName Value="RData_CN"/>
      </Unit8>
      <Unit9>
        <Filename Value="gdata_cn.pas"/>
        <IsPartOfProject Value="True"/>
        <UnitName Value="GData_CN"/>
      </Unit9>
    </Units>
  </ProjectOptions>
  <CompilerOptions>
    <Version Value="11"/>
    <PathDelim Value="\"/>
    <Target>
      <Filename Value="CN_WSmodel"/>
    </Target>
    <SearchPaths>
      <IncludeFiles Value="$(ProjOutDir)"/>
      <OtherUnitFiles Value="..\common"/>
      <UnitOutputDirectory Value="lib\$(TargetCPU)-$(TargetOS)"/>
    </SearchPaths>
  </CompilerOptions>
  <Debugging>
    <Exceptions Count="3">
      <Item1>
        <Name Value="EAbort"/>
      </Item1>
      <Item2>
        <Name Value="ECodetoolError"/>
      </Item2>
      <Item3>
        <Name Value="EFOpenError"/>
      </Item3>
    </Exceptions>
  </Debugging>
</CONFIG>
